
Microsoft Visual Studio Solution File, Format Version 12.00
# Visual Studio Version 17
VisualStudioVersion = 17.9.34616.47
MinimumVisualStudioVersion = 10.0.40219.1
Project("{FAE04EC0-301F-11D3-BF4B-00C04F79EFBC}") = "atividade5", "atividade5\atividade5.csproj", "{7145307A-35DC-4CD5-A8D9-142C941ED674}"
EndProject
Global
	GlobalSection(SolutionConfigurationPlatforms) = preSolution
		Debug|Any CPU = Debug|Any CPU
		Release|Any CPU = Release|Any CPU
	EndGlobalSection
	GlobalSection(ProjectConfigurationPlatforms) = postSolution
		{7145307A-35DC-4CD5-A8D9-142C941ED674}.Debug|Any CPU.ActiveCfg = Debug|Any CPU
		{7145307A-35DC-4CD5-A8D9-142C941ED674}.Debug|Any CPU.Build.0 = Debug|Any CPU
		{7145307A-35DC-4CD5-A8D9-142C941ED674}.Release|Any CPU.ActiveCfg = Release|Any CPU
		{7145307A-35DC-4CD5-A8D9-142C941ED674}.Release|Any CPU.Build.0 = Release|Any CPU
	EndGlobalSection
	GlobalSection(SolutionProperties) = preSolution
		HideSolutionNode = FALSE
	EndGlobalSection
	GlobalSection(ExtensibilityGlobals) = postSolution
		SolutionGuid = {F8F0708F-4A0D-4F7D-B00D-0B0426803D78}
	EndGlobalSection
EndGlobal
